// !$*UTF8*$!
{
	archiveVersion = 1;
	classes = {
	};
	objectVersion = 50;
	objects = {

/* Begin PBXBuildFile section */
		430F64AD24B354140002CBF4 /* AlbumCollectionHeaderView.swift in Sources */ = {isa = PBXBuildFile; fileRef = 430F64AC24B354140002CBF4 /* AlbumCollectionHeaderView.swift */; };
		4358095E24B319EA00FEC910 /* UserData.swift in Sources */ = {isa = PBXBuildFile; fileRef = 4358095D24B319EA00FEC910 /* UserData.swift */; };
		4358096024B31C1800FEC910 /* MapModel.swift in Sources */ = {isa = PBXBuildFile; fileRef = 4358095F24B31C1800FEC910 /* MapModel.swift */; };
		43A4402224B3232A00D8AA96 /* CoreDataController.swift in Sources */ = {isa = PBXBuildFile; fileRef = 43A4402124B3232A00D8AA96 /* CoreDataController.swift */; };
		43BAE2DD24B229F000960B85 /* AppDelegate.swift in Sources */ = {isa = PBXBuildFile; fileRef = 43BAE2DC24B229F000960B85 /* AppDelegate.swift */; };
		43BAE2E124B229F000960B85 /* MapViewController.swift in Sources */ = {isa = PBXBuildFile; fileRef = 43BAE2E024B229F000960B85 /* MapViewController.swift */; };
		43BAE2E424B229F000960B85 /* Map.storyboard in Resources */ = {isa = PBXBuildFile; fileRef = 43BAE2E224B229F000960B85 /* Map.storyboard */; };
		43BAE2E724B229F000960B85 /* Virtual_Tourist.xcdatamodeld in Sources */ = {isa = PBXBuildFile; fileRef = 43BAE2E524B229F000960B85 /* Virtual_Tourist.xcdatamodeld */; };
		43BAE2E924B229F100960B85 /* Assets.xcassets in Resources */ = {isa = PBXBuildFile; fileRef = 43BAE2E824B229F100960B85 /* Assets.xcassets */; };
		43BAE2EC24B229F100960B85 /* LaunchScreen.storyboard in Resources */ = {isa = PBXBuildFile; fileRef = 43BAE2EA24B229F100960B85 /* LaunchScreen.storyboard */; };
		43F0797824B329EA00C13D36 /* AppIdentifiers.swift in Sources */ = {isa = PBXBuildFile; fileRef = 43F0797724B329EA00C13D36 /* AppIdentifiers.swift */; };
		43F0797A24B32EA500C13D36 /* AlbumViewController.swift in Sources */ = {isa = PBXBuildFile; fileRef = 43F0797924B32EA500C13D36 /* AlbumViewController.swift */; };
		43F0797D24B32FB200C13D36 /* AlbumCollectionViewCell.swift in Sources */ = {isa = PBXBuildFile; fileRef = 43F0797C24B32FB200C13D36 /* AlbumCollectionViewCell.swift */; };
		43F0797F24B3340D00C13D36 /* BaseService.swift in Sources */ = {isa = PBXBuildFile; fileRef = 43F0797E24B3340D00C13D36 /* BaseService.swift */; };
		43F0798124B3374100C13D36 /* PhotosSearchResponse.swift in Sources */ = {isa = PBXBuildFile; fileRef = 43F0798024B3374100C13D36 /* PhotosSearchResponse.swift */; };
		43F0798324B3374D00C13D36 /* PhotoModel.swift in Sources */ = {isa = PBXBuildFile; fileRef = 43F0798224B3374D00C13D36 /* PhotoModel.swift */; };
/* End PBXBuildFile section */

/* Begin PBXFileReference section */
		430F64AC24B354140002CBF4 /* AlbumCollectionHeaderView.swift */ = {isa = PBXFileReference; lastKnownFileType = sourcecode.swift; path = AlbumCollectionHeaderView.swift; sourceTree = "<group>"; };
		4358095D24B319EA00FEC910 /* UserData.swift */ = {isa = PBXFileReference; lastKnownFileType = sourcecode.swift; path = UserData.swift; sourceTree = "<group>"; };
		4358095F24B31C1800FEC910 /* MapModel.swift */ = {isa = PBXFileReference; lastKnownFileType = sourcecode.swift; path = MapModel.swift; sourceTree = "<group>"; };
		43A4402124B3232A00D8AA96 /* CoreDataController.swift */ = {isa = PBXFileReference; lastKnownFileType = sourcecode.swift; path = CoreDataController.swift; sourceTree = "<group>"; };
		43BAE2D924B229F000960B85 /* Virtual Tourist.app */ = {isa = PBXFileReference; explicitFileType = wrapper.application; includeInIndex = 0; path = "Virtual Tourist.app"; sourceTree = BUILT_PRODUCTS_DIR; };
		43BAE2DC24B229F000960B85 /* AppDelegate.swift */ = {isa = PBXFileReference; lastKnownFileType = sourcecode.swift; path = AppDelegate.swift; sourceTree = "<group>"; };
		43BAE2E024B229F000960B85 /* MapViewController.swift */ = {isa = PBXFileReference; lastKnownFileType = sourcecode.swift; path = MapViewController.swift; sourceTree = "<group>"; };
		43BAE2E324B229F000960B85 /* Base */ = {isa = PBXFileReference; lastKnownFileType = file.storyboard; name = Base; path = Base.lproj/Map.storyboard; sourceTree = "<group>"; };
		43BAE2E624B229F000960B85 /* Virtual_Tourist.xcdatamodel */ = {isa = PBXFileReference; lastKnownFileType = wrapper.xcdatamodel; path = Virtual_Tourist.xcdatamodel; sourceTree = "<group>"; };
		43BAE2E824B229F100960B85 /* Assets.xcassets */ = {isa = PBXFileReference; lastKnownFileType = folder.assetcatalog; path = Assets.xcassets; sourceTree = "<group>"; };
		43BAE2EB24B229F100960B85 /* Base */ = {isa = PBXFileReference; lastKnownFileType = file.storyboard; name = Base; path = Base.lproj/LaunchScreen.storyboard; sourceTree = "<group>"; };
		43BAE2ED24B229F100960B85 /* Info.plist */ = {isa = PBXFileReference; lastKnownFileType = text.plist.xml; path = Info.plist; sourceTree = "<group>"; };
		43F0797724B329EA00C13D36 /* AppIdentifiers.swift */ = {isa = PBXFileReference; lastKnownFileType = sourcecode.swift; path = AppIdentifiers.swift; sourceTree = "<group>"; };
		43F0797924B32EA500C13D36 /* AlbumViewController.swift */ = {isa = PBXFileReference; lastKnownFileType = sourcecode.swift; path = AlbumViewController.swift; sourceTree = "<group>"; };
		43F0797C24B32FB200C13D36 /* AlbumCollectionViewCell.swift */ = {isa = PBXFileReference; lastKnownFileType = sourcecode.swift; path = AlbumCollectionViewCell.swift; sourceTree = "<group>"; };
		43F0797E24B3340D00C13D36 /* BaseService.swift */ = {isa = PBXFileReference; lastKnownFileType = sourcecode.swift; path = BaseService.swift; sourceTree = "<group>"; };
		43F0798024B3374100C13D36 /* PhotosSearchResponse.swift */ = {isa = PBXFileReference; lastKnownFileType = sourcecode.swift; path = PhotosSearchResponse.swift; sourceTree = "<group>"; };
		43F0798224B3374D00C13D36 /* PhotoModel.swift */ = {isa = PBXFileReference; lastKnownFileType = sourcecode.swift; path = PhotoModel.swift; sourceTree = "<group>"; };
/* End PBXFileReference section */

/* Begin PBXFrameworksBuildPhase section */
		43BAE2D624B229F000960B85 /* Frameworks */ = {
			isa = PBXFrameworksBuildPhase;
			buildActionMask = 2147483647;
			files = (
			);
			runOnlyForDeploymentPostprocessing = 0;
		};
/* End PBXFrameworksBuildPhase section */

/* Begin PBXGroup section */
		4358095924B3194A00FEC910 /* Service */ = {
			isa = PBXGroup;
			children = (
				43F0797E24B3340D00C13D36 /* BaseService.swift */,
			);
			path = Service;
			sourceTree = "<group>";
		};
		4358095A24B3195100FEC910 /* Controller */ = {
			isa = PBXGroup;
			children = (
				43BAE2E024B229F000960B85 /* MapViewController.swift */,
				43F0797924B32EA500C13D36 /* AlbumViewController.swift */,
			);
			path = Controller;
			sourceTree = "<group>";
		};
		4358095B24B3195600FEC910 /* Model */ = {
			isa = PBXGroup;
			children = (
				43BAE2E524B229F000960B85 /* Virtual_Tourist.xcdatamodeld */,
				43A4402124B3232A00D8AA96 /* CoreDataController.swift */,
				43F0798024B3374100C13D36 /* PhotosSearchResponse.swift */,
				43F0798224B3374D00C13D36 /* PhotoModel.swift */,
			);
			path = Model;
			sourceTree = "<group>";
		};
		4358095C24B319DA00FEC910 /* Utilities */ = {
			isa = PBXGroup;
			children = (
				4358095D24B319EA00FEC910 /* UserData.swift */,
				4358095F24B31C1800FEC910 /* MapModel.swift */,
				43F0797724B329EA00C13D36 /* AppIdentifiers.swift */,
			);
			path = Utilities;
			sourceTree = "<group>";
		};
		43BAE2D024B229F000960B85 = {
			isa = PBXGroup;
			children = (
				43BAE2DB24B229F000960B85 /* Virtual Tourist */,
				43BAE2DA24B229F000960B85 /* Products */,
			);
			sourceTree = "<group>";
		};
		43BAE2DA24B229F000960B85 /* Products */ = {
			isa = PBXGroup;
			children = (
				43BAE2D924B229F000960B85 /* Virtual Tourist.app */,
			);
			name = Products;
			sourceTree = "<group>";
		};
		43BAE2DB24B229F000960B85 /* Virtual Tourist */ = {
			isa = PBXGroup;
			children = (
				43F0797B24B32FA400C13D36 /* View */,
				4358095C24B319DA00FEC910 /* Utilities */,
				4358095B24B3195600FEC910 /* Model */,
				4358095A24B3195100FEC910 /* Controller */,
				4358095924B3194A00FEC910 /* Service */,
				43BAE2DC24B229F000960B85 /* AppDelegate.swift */,
				43BAE2E224B229F000960B85 /* Map.storyboard */,
				43BAE2E824B229F100960B85 /* Assets.xcassets */,
				43BAE2EA24B229F100960B85 /* LaunchScreen.storyboard */,
				43BAE2ED24B229F100960B85 /* Info.plist */,
			);
			path = "Virtual Tourist";
			sourceTree = "<group>";
		};
		43F0797B24B32FA400C13D36 /* View */ = {
			isa = PBXGroup;
			children = (
				43F0797C24B32FB200C13D36 /* AlbumCollectionViewCell.swift */,
				430F64AC24B354140002CBF4 /* AlbumCollectionHeaderView.swift */,
			);
			path = View;
			sourceTree = "<group>";
		};
/* End PBXGroup section */

/* Begin PBXNativeTarget section */
		43BAE2D824B229F000960B85 /* Virtual Tourist */ = {
			isa = PBXNativeTarget;
			buildConfigurationList = 43BAE2F024B229F100960B85 /* Build configuration list for PBXNativeTarget "Virtual Tourist" */;
			buildPhases = (
				43BAE2D524B229F000960B85 /* Sources */,
				43BAE2D624B229F000960B85 /* Frameworks */,
				43BAE2D724B229F000960B85 /* Resources */,
			);
			buildRules = (
			);
			dependencies = (
			);
			name = "Virtual Tourist";
			productName = "Virtual Tourist";
			productReference = 43BAE2D924B229F000960B85 /* Virtual Tourist.app */;
			productType = "com.apple.product-type.application";
		};
/* End PBXNativeTarget section */

/* Begin PBXProject section */
		43BAE2D124B229F000960B85 /* Project object */ = {
			isa = PBXProject;
			attributes = {
				LastSwiftUpdateCheck = 1150;
				LastUpgradeCheck = 1150;
				ORGANIZATIONNAME = "Kemal Kaynak";
				TargetAttributes = {
					43BAE2D824B229F000960B85 = {
						CreatedOnToolsVersion = 11.5;
					};
				};
			};
			buildConfigurationList = 43BAE2D424B229F000960B85 /* Build configuration list for PBXProject "Virtual Tourist" */;
			compatibilityVersion = "Xcode 9.3";
			developmentRegion = en;
			hasScannedForEncodings = 0;
			knownRegions = (
				en,
				Base,
			);
			mainGroup = 43BAE2D024B229F000960B85;
			productRefGroup = 43BAE2DA24B229F000960B85 /* Products */;
			projectDirPath = "";
			projectRoot = "";
			targets = (
				43BAE2D824B229F000960B85 /* Virtual Tourist */,
			);
		};
/* End PBXProject section */

/* Begin PBXResourcesBuildPhase section */
		43BAE2D724B229F000960B85 /* Resources */ = {
			isa = PBXResourcesBuildPhase;
			buildActionMask = 2147483647;
			files = (
				43BAE2EC24B229F100960B85 /* LaunchScreen.storyboard in Resources */,
				43BAE2E924B229F100960B85 /* Assets.xcassets in Resources */,
				43BAE2E424B229F000960B85 /* Map.storyboard in Resources */,
			);
			runOnlyForDeploymentPostprocessing = 0;
		};
/* End PBXResourcesBuildPhase section */

/* Begin PBXSourcesBuildPhase section */
		43BAE2D524B229F000960B85 /* Sources */ = {
			isa = PBXSourcesBuildPhase;
			buildActionMask = 2147483647;
			files = (
				43F0798324B3374D00C13D36 /* PhotoModel.swift in Sources */,
				43F0797D24B32FB200C13D36 /* AlbumCollectionViewCell.swift in Sources */,
				43BAE2E724B229F000960B85 /* Virtual_Tourist.xcdatamodeld in Sources */,
				4358096024B31C1800FEC910 /* MapModel.swift in Sources */,
				43F0797A24B32EA500C13D36 /* AlbumViewController.swift in Sources */,
				43F0797824B329EA00C13D36 /* AppIdentifiers.swift in Sources */,
				43A4402224B3232A00D8AA96 /* CoreDataController.swift in Sources */,
				430F64AD24B354140002CBF4 /* AlbumCollectionHeaderView.swift in Sources */,
				43BAE2E124B229F000960B85 /* MapViewController.swift in Sources */,
				43F0798124B3374100C13D36 /* PhotosSearchResponse.swift in Sources */,
				4358095E24B319EA00FEC910 /* UserData.swift in Sources */,
				43F0797F24B3340D00C13D36 /* BaseService.swift in Sources */,
				43BAE2DD24B229F000960B85 /* AppDelegate.swift in Sources */,
			);
			runOnlyForDeploymentPostprocessing = 0;
		};
/* End PBXSourcesBuildPhase section */

/* Begin PBXVariantGroup section */
		43BAE2E224B229F000960B85 /* Map.storyboard */ = {
			isa = PBXVariantGroup;
			children = (
				43BAE2E324B229F000960B85 /* Base */,
			);
			name = Map.storyboard;
			sourceTree = "<group>";
		};
		43BAE2EA24B229F100960B85 /* LaunchScreen.storyboard */ = {
			isa = PBXVariantGroup;
			children = (
				43BAE2EB24B229F100960B85 /* Base */,
			);
			name = LaunchScreen.storyboard;
			sourceTree = "<group>";
		};
/* End PBXVariantGroup section */

/* Begin XCBuildConfiguration section */
		43BAE2EE24B229F100960B85 /* Debug */ = {
			isa = XCBuildConfiguration;
			buildSettings = {
				ALWAYS_SEARCH_USER_PATHS = NO;
				CLANG_ANALYZER_NONNULL = YES;
				CLANG_ANALYZER_NUMBER_OBJECT_CONVERSION = YES_AGGRESSIVE;
				CLANG_CXX_LANGUAGE_STANDARD = "gnu++14";
				CLANG_CXX_LIBRARY = "libc++";
				CLANG_ENABLE_MODULES = YES;
				CLANG_ENABLE_OBJC_ARC = YES;
				CLANG_ENABLE_OBJC_WEAK = YES;
				CLANG_WARN_BLOCK_CAPTURE_AUTORELEASING = YES;
				CLANG_WARN_BOOL_CONVERSION = YES;
				CLANG_WARN_COMMA = YES;
				CLANG_WARN_CONSTANT_CONVERSION = YES;
				CLANG_WARN_DEPRECATED_OBJC_IMPLEMENTATIONS = YES;
				CLANG_WARN_DIRECT_OBJC_ISA_USAGE = YES_ERROR;
				CLANG_WARN_DOCUMENTATION_COMMENTS = YES;
				CLANG_WARN_EMPTY_BODY = YES;
				CLANG_WARN_ENUM_CONVERSION = YES;
				CLANG_WARN_INFINITE_RECURSION = YES;
				CLANG_WARN_INT_CONVERSION = YES;
				CLANG_WARN_NON_LITERAL_NULL_CONVERSION = YES;
				CLANG_WARN_OBJC_IMPLICIT_RETAIN_SELF = YES;
				CLANG_WARN_OBJC_LITERAL_CONVERSION = YES;
				CLANG_WARN_OBJC_ROOT_CLASS = YES_ERROR;
				CLANG_WARN_RANGE_LOOP_ANALYSIS = YES;
				CLANG_WARN_STRICT_PROTOTYPES = YES;
				CLANG_WARN_SUSPICIOUS_MOVE = YES;
				CLANG_WARN_UNGUARDED_AVAILABILITY = YES_AGGRESSIVE;
				CLANG_WARN_UNREACHABLE_CODE = YES;
				CLANG_WARN__DUPLICATE_METHOD_MATCH = YES;
				COPY_PHASE_STRIP = NO;
				DEBUG_INFORMATION_FORMAT = dwarf;
				ENABLE_STRICT_OBJC_MSGSEND = YES;
				ENABLE_TESTABILITY = YES;
				GCC_C_LANGUAGE_STANDARD = gnu11;
				GCC_DYNAMIC_NO_PIC = NO;
				GCC_NO_COMMON_BLOCKS = YES;
				GCC_OPTIMIZATION_LEVEL = 0;
				GCC_PREPROCESSOR_DEFINITIONS = (
					"DEBUG=1",
					"$(inherited)",
				);
				GCC_WARN_64_TO_32_BIT_CONVERSION = YES;
				GCC_WARN_ABOUT_RETURN_TYPE = YES_ERROR;
				GCC_WARN_UNDECLARED_SELECTOR = YES;
				GCC_WARN_UNINITIALIZED_AUTOS = YES_AGGRESSIVE;
				GCC_WARN_UNUSED_FUNCTION = YES;
				GCC_WARN_UNUSED_VARIABLE = YES;
				IPHONEOS_DEPLOYMENT_TARGET = 13.5;
				MTL_ENABLE_DEBUG_INFO = INCLUDE_SOURCE;
				MTL_FAST_MATH = YES;
				ONLY_ACTIVE_ARCH = YES;
				SDKROOT = iphoneos;
				SWIFT_ACTIVE_COMPILATION_CONDITIONS = DEBUG;
				SWIFT_OPTIMIZATION_LEVEL = "-Onone";
			};
			name = Debug;
		};
		43BAE2EF24B229F100960B85 /* Release */ = {
			isa = XCBuildConfiguration;
			buildSettings = {
				ALWAYS_SEARCH_USER_PATHS = NO;
				CLANG_ANALYZER_NONNULL = YES;
				CLANG_ANALYZER_NUMBER_OBJECT_CONVERSION = YES_AGGRESSIVE;
				CLANG_CXX_LANGUAGE_STANDARD = "gnu++14";
				CLANG_CXX_LIBRARY = "libc++";
				CLANG_ENABLE_MODULES = YES;
				CLANG_ENABLE_OBJC_ARC = YES;
				CLANG_ENABLE_OBJC_WEAK = YES;
				CLANG_WARN_BLOCK_CAPTURE_AUTORELEASING = YES;
				CLANG_WARN_BOOL_CONVERSION = YES;
				CLANG_WARN_COMMA = YES;
				CLANG_WARN_CONSTANT_CONVERSION = YES;
				CLANG_WARN_DEPRECATED_OBJC_IMPLEMENTATIONS = YES;
				CLANG_WARN_DIRECT_OBJC_ISA_USAGE = YES_ERROR;
				CLANG_WARN_DOCUMENTATION_COMMENTS = YES;
				CLANG_WARN_EMPTY_BODY = YES;
				CLANG_WARN_ENUM_CONVERSION = YES;
				CLANG_WARN_INFINITE_RECURSION = YES;
				CLANG_WARN_INT_CONVERSION = YES;
				CLANG_WARN_NON_LITERAL_NULL_CONVERSION = YES;
				CLANG_WARN_OBJC_IMPLICIT_RETAIN_SELF = YES;
				CLANG_WARN_OBJC_LITERAL_CONVERSION = YES;
				CLANG_WARN_OBJC_ROOT_CLASS = YES_ERROR;
				CLANG_WARN_RANGE_LOOP_ANALYSIS = YES;
				CLANG_WARN_STRICT_PROTOTYPES = YES;
				CLANG_WARN_SUSPICIOUS_MOVE = YES;
				CLANG_WARN_UNGUARDED_AVAILABILITY = YES_AGGRESSIVE;
				CLANG_WARN_UNREACHABLE_CODE = YES;
				CLANG_WARN__DUPLICATE_METHOD_MATCH = YES;
				COPY_PHASE_STRIP = NO;
				DEBUG_INFORMATION_FORMAT = "dwarf-with-dsym";
				ENABLE_NS_ASSERTIONS = NO;
				ENABLE_STRICT_OBJC_MSGSEND = YES;
				GCC_C_LANGUAGE_STANDARD = gnu11;
				GCC_NO_COMMON_BLOCKS = YES;
				GCC_WARN_64_TO_32_BIT_CONVERSION = YES;
				GCC_WARN_ABOUT_RETURN_TYPE = YES_ERROR;
				GCC_WARN_UNDECLARED_SELECTOR = YES;
				GCC_WARN_UNINITIALIZED_AUTOS = YES_AGGRESSIVE;
				GCC_WARN_UNUSED_FUNCTION = YES;
				GCC_WARN_UNUSED_VARIABLE = YES;
				IPHONEOS_DEPLOYMENT_TARGET = 13.5;
				MTL_ENABLE_DEBUG_INFO = NO;
				MTL_FAST_MATH = YES;
				SDKROOT = iphoneos;
				SWIFT_COMPILATION_MODE = wholemodule;
				SWIFT_OPTIMIZATION_LEVEL = "-O";
				VALIDATE_PRODUCT = YES;
			};
			name = Release;
		};
		43BAE2F124B229F100960B85 /* Debug */ = {
			isa = XCBuildConfiguration;
			buildSettings = {
				ASSETCATALOG_COMPILER_APPICON_NAME = AppIcon;
				CODE_SIGN_STYLE = Automatic;
				DEVELOPMENT_TEAM = 2Y7J9CE4J7;
				INFOPLIST_FILE = "Virtual Tourist/Info.plist";
				LD_RUNPATH_SEARCH_PATHS = (
					"$(inherited)",
					"@executable_path/Frameworks",
				);
				PRODUCT_BUNDLE_IDENTIFIER = "com.kcankaynak.Virtual-Tourist";
				PRODUCT_NAME = "$(TARGET_NAME)";
				SWIFT_VERSION = 5.0;
				TARGETED_DEVICE_FAMILY = "1,2";
			};
			name = Debug;
		};
		43BAE2F224B229F100960B85 /* Release */ = {
			isa = XCBuildConfiguration;
			buildSettings = {
				ASSETCATALOG_COMPILER_APPICON_NAME = AppIcon;
				CODE_SIGN_STYLE = Automatic;
				DEVELOPMENT_TEAM = 2Y7J9CE4J7;
				INFOPLIST_FILE = "Virtual Tourist/Info.plist";
				LD_RUNPATH_SEARCH_PATHS = (
					"$(inherited)",
					"@executable_path/Frameworks",
				);
				PRODUCT_BUNDLE_IDENTIFIER = "com.kcankaynak.Virtual-Tourist";
				PRODUCT_NAME = "$(TARGET_NAME)";
				SWIFT_VERSION = 5.0;
				TARGETED_DEVICE_FAMILY = "1,2";
			};
			name = Release;
		};
/* End XCBuildConfiguration section */

/* Begin XCConfigurationList section */
		43BAE2D424B229F000960B85 /* Build configuration list for PBXProject "Virtual Tourist" */ = {
			isa = XCConfigurationList;
			buildConfigurations = (
				43BAE2EE24B229F100960B85 /* Debug */,
				43BAE2EF24B229F100960B85 /* Release */,
			);
			defaultConfigurationIsVisible = 0;
			defaultConfigurationName = Release;
		};
		43BAE2F024B229F100960B85 /* Build configuration list for PBXNativeTarget "Virtual Tourist" */ = {
			isa = XCConfigurationList;
			buildConfigurations = (
				43BAE2F124B229F100960B85 /* Debug */,
				43BAE2F224B229F100960B85 /* Release */,
			);
			defaultConfigurationIsVisible = 0;
			defaultConfigurationName = Release;
		};
/* End XCConfigurationList section */

/* Begin XCVersionGroup section */
		43BAE2E524B229F000960B85 /* Virtual_Tourist.xcdatamodeld */ = {
			isa = XCVersionGroup;
			children = (
				43BAE2E624B229F000960B85 /* Virtual_Tourist.xcdatamodel */,
			);
			currentVersion = 43BAE2E624B229F000960B85 /* Virtual_Tourist.xcdatamodel */;
			path = Virtual_Tourist.xcdatamodeld;
			sourceTree = "<group>";
			versionGroupType = wrapper.xcdatamodel;
		};
/* End XCVersionGroup section */
	};
	rootObject = 43BAE2D124B229F000960B85 /* Project object */;
}
